
Microsoft Visual Studio Solution File, Format Version 12.00
# Visual Studio 14
VisualStudioVersion = 14.0.23107.0
MinimumVisualStudioVersion = 10.0.40219.1
Project("{FAE04EC0-301F-11D3-BF4B-00C04F79EFBC}") = "winthemonth", "winthemonth.csproj", "{507F0E10-A8EF-4B8E-8624-668E7967D532}"
EndProject
Global
	GlobalSection(SolutionConfigurationPlatforms) = preSolution
		Debug|Any CPU = Debug|Any CPU
		Release|Any CPU = Release|Any CPU
	EndGlobalSection
	GlobalSection(ProjectConfigurationPlatforms) = postSolution
		{507F0E10-A8EF-4B8E-8624-668E7967D532}.Debug|Any CPU.ActiveCfg = Debug|Any CPU
		{507F0E10-A8EF-4B8E-8624-668E7967D532}.Debug|Any CPU.Build.0 = Debug|Any CPU
		{507F0E10-A8EF-4B8E-8624-668E7967D532}.Release|Any CPU.ActiveCfg = Release|Any CPU
		{507F0E10-A8EF-4B8E-8624-668E7967D532}.Release|Any CPU.Build.0 = Release|Any CPU
	EndGlobalSection
	GlobalSection(SolutionProperties) = preSolution
		HideSolutionNode = FALSE
	EndGlobalSection
EndGlobal
